
Microsoft Visual Studio Solution File, Format Version 12.00
# Visual Studio Version 16
VisualStudioVersion = 16.0.31129.286
MinimumVisualStudioVersion = 10.0.40219.1
Project("{FAE04EC0-301F-11D3-BF4B-00C04F79EFBC}") = "DataAccess", "DataAccess\DataAccess.csproj", "{C0DE7B66-975F-4102-AF00-4B318D0D7FE5}"
EndProject
Project("{FAE04EC0-301F-11D3-BF4B-00C04F79EFBC}") = "Business", "Business\Business.csproj", "{0DD82D33-18C8-4584-BFEB-78D5603D18D6}"
EndProject
Project("{FAE04EC0-301F-11D3-BF4B-00C04F79EFBC}") = "Entities", "Entities\Entities.csproj", "{8B1AF52A-68A4-4B59-BA79-6B4DC127D8E6}"
EndProject
Project("{FAE04EC0-301F-11D3-BF4B-00C04F79EFBC}") = "ConsoleUI", "ConsoleUI\ConsoleUI.csproj", "{9A16C82C-02A4-4A02-A332-FBD1B88D1159}"
EndProject
Global
	GlobalSection(SolutionConfigurationPlatforms) = preSolution
		Debug|Any CPU = Debug|Any CPU
		Release|Any CPU = Release|Any CPU
	EndGlobalSection
	GlobalSection(ProjectConfigurationPlatforms) = postSolution
		{C0DE7B66-975F-4102-AF00-4B318D0D7FE5}.Debug|Any CPU.ActiveCfg = Debug|Any CPU
		{C0DE7B66-975F-4102-AF00-4B318D0D7FE5}.Debug|Any CPU.Build.0 = Debug|Any CPU
		{C0DE7B66-975F-4102-AF00-4B318D0D7FE5}.Release|Any CPU.ActiveCfg = Release|Any CPU
		{C0DE7B66-975F-4102-AF00-4B318D0D7FE5}.Release|Any CPU.Build.0 = Release|Any CPU
		{0DD82D33-18C8-4584-BFEB-78D5603D18D6}.Debug|Any CPU.ActiveCfg = Debug|Any CPU
		{0DD82D33-18C8-4584-BFEB-78D5603D18D6}.Debug|Any CPU.Build.0 = Debug|Any CPU
		{0DD82D33-18C8-4584-BFEB-78D5603D18D6}.Release|Any CPU.ActiveCfg = Release|Any CPU
		{0DD82D33-18C8-4584-BFEB-78D5603D18D6}.Release|Any CPU.Build.0 = Release|Any CPU
		{8B1AF52A-68A4-4B59-BA79-6B4DC127D8E6}.Debug|Any CPU.ActiveCfg = Debug|Any CPU
		{8B1AF52A-68A4-4B59-BA79-6B4DC127D8E6}.Debug|Any CPU.Build.0 = Debug|Any CPU
		{8B1AF52A-68A4-4B59-BA79-6B4DC127D8E6}.Release|Any CPU.ActiveCfg = Release|Any CPU
		{8B1AF52A-68A4-4B59-BA79-6B4DC127D8E6}.Release|Any CPU.Build.0 = Release|Any CPU
		{9A16C82C-02A4-4A02-A332-FBD1B88D1159}.Debug|Any CPU.ActiveCfg = Debug|Any CPU
		{9A16C82C-02A4-4A02-A332-FBD1B88D1159}.Debug|Any CPU.Build.0 = Debug|Any CPU
		{9A16C82C-02A4-4A02-A332-FBD1B88D1159}.Release|Any CPU.ActiveCfg = Release|Any CPU
		{9A16C82C-02A4-4A02-A332-FBD1B88D1159}.Release|Any CPU.Build.0 = Release|Any CPU
	EndGlobalSection
	GlobalSection(SolutionProperties) = preSolution
		HideSolutionNode = FALSE
	EndGlobalSection
	GlobalSection(ExtensibilityGlobals) = postSolution
		SolutionGuid = {CEE4724B-E84D-42CB-8079-54A29AD8C911}
	EndGlobalSection
EndGlobal
